
Microsoft Visual Studio Solution File, Format Version 12.00
# Visual Studio Version 16
VisualStudioVersion = 16.0.29505.145
MinimumVisualStudioVersion = 10.0.40219.1
Project("{9A19103F-16F7-4668-BE54-9A1E7A4F7556}") = "AJP.ElasticBand", "src\AJP.ElasticBand.csproj", "{C3F3B19E-E6F8-49C6-96BC-9A671404AA0F}"
EndProject
Project("{9A19103F-16F7-4668-BE54-9A1E7A4F7556}") = "AJP.ElasticBand.Tests", "tests\AJP.ElasticBand.Tests.csproj", "{10AE962D-BCB5-407C-A8FF-30357EB89E73}"
EndProject
Project("{2150E333-8FDC-42A3-9474-1A3956D46DE8}") = "Solution Items", "Solution Items", "{F9732606-C5C1-4205-B5D6-4E83DD257A39}"
	ProjectSection(SolutionItems) = preProject
		readme.md = readme.md
	EndProjectSection
EndProject
Global
	GlobalSection(SolutionConfigurationPlatforms) = preSolution
		Debug|Any CPU = Debug|Any CPU
		Release|Any CPU = Release|Any CPU
	EndGlobalSection
	GlobalSection(ProjectConfigurationPlatforms) = postSolution
		{C3F3B19E-E6F8-49C6-96BC-9A671404AA0F}.Debug|Any CPU.ActiveCfg = Debug|Any CPU
		{C3F3B19E-E6F8-49C6-96BC-9A671404AA0F}.Debug|Any CPU.Build.0 = Debug|Any CPU
		{C3F3B19E-E6F8-49C6-96BC-9A671404AA0F}.Release|Any CPU.ActiveCfg = Release|Any CPU
		{C3F3B19E-E6F8-49C6-96BC-9A671404AA0F}.Release|Any CPU.Build.0 = Release|Any CPU
		{10AE962D-BCB5-407C-A8FF-30357EB89E73}.Debug|Any CPU.ActiveCfg = Debug|Any CPU
		{10AE962D-BCB5-407C-A8FF-30357EB89E73}.Debug|Any CPU.Build.0 = Debug|Any CPU
		{10AE962D-BCB5-407C-A8FF-30357EB89E73}.Release|Any CPU.ActiveCfg = Release|Any CPU
		{10AE962D-BCB5-407C-A8FF-30357EB89E73}.Release|Any CPU.Build.0 = Release|Any CPU
	EndGlobalSection
	GlobalSection(SolutionProperties) = preSolution
		HideSolutionNode = FALSE
	EndGlobalSection
	GlobalSection(ExtensibilityGlobals) = postSolution
		SolutionGuid = {D7007B5A-4526-4D59-878D-F3B03F0B3159}
	EndGlobalSection
EndGlobal
